
Microsoft Visual Studio Solution File, Format Version 12.00
# Visual Studio Version 17
VisualStudioVersion = 17.5.002.0
MinimumVisualStudioVersion = 10.0.40219.1
Project("{9A19103F-16F7-4668-BE54-9A1E7A4F7556}") = "SimpleApiRedis", "SimpleApiRedis.csproj", "{1769F463-BCA7-47F3-8917-81390B1491F7}"
EndProject
Global
	GlobalSection(SolutionConfigurationPlatforms) = preSolution
		Debug|Any CPU = Debug|Any CPU
		Release|Any CPU = Release|Any CPU
	EndGlobalSection
	GlobalSection(ProjectConfigurationPlatforms) = postSolution
		{1769F463-BCA7-47F3-8917-81390B1491F7}.Debug|Any CPU.ActiveCfg = Debug|Any CPU
		{1769F463-BCA7-47F3-8917-81390B1491F7}.Debug|Any CPU.Build.0 = Debug|Any CPU
		{1769F463-BCA7-47F3-8917-81390B1491F7}.Release|Any CPU.ActiveCfg = Release|Any CPU
		{1769F463-BCA7-47F3-8917-81390B1491F7}.Release|Any CPU.Build.0 = Release|Any CPU
	EndGlobalSection
	GlobalSection(SolutionProperties) = preSolution
		HideSolutionNode = FALSE
	EndGlobalSection
	GlobalSection(ExtensibilityGlobals) = postSolution
		SolutionGuid = {A6150F5A-6635-4BBC-85A3-35E208FF3359}
	EndGlobalSection
EndGlobal
